{
  "version": "v1",
  "packages": {
    "wy-helper": {
      "signature": "fe578de3206bba05f2c109d78c3c3277",
      "file": true,
      "replaced": "^0.1.12"
    },
    "wy-dom-helper": {
      "signature": "027b92730b44c8ebb5198a3c778c0ec0",
      "file": true,
      "replaced": "^0.1.10"
    },
    "mve-core": {
      "signature": "5eebd614e47869e6b2634c797cdbefe7",
      "file": true,
      "replaced": "^2.0.0"
    },
    "mve-dom": {
      "signature": "fc206a45f6ed0e921e32b8cd5beda3cc",
      "file": true,
      "replaced": "^2.0.0"
    },
    "mve-helper": {
      "signature": "01a26678653d3611dc413fed57fc777d",
      "file": true,
      "replaced": "^2.0.0"
    },
    "mve-dom-helper": {
      "signature": "5b17b522ad6abfa592b39e9160ea1d44",
      "file": true,
      "replaced": "^2.0.1"
    },
    "daisy-mobile-helper": {
      "signature": "92519d9af8f58a80185e32e58b8e7e5a",
      "file": true
    }
  }
}