{
  "version": "v1",
  "packages": {
    "wy-helper": {
      "signature": "fb1c42fb989dddee5318d97da710d4c3",
      "file": true,
      "replaced": "^0.1.12"
    },
    "wy-dom-helper": {
      "signature": "424ededdb73c76e51309a3252f61e977",
      "file": true,
      "replaced": "^0.1.10"
    },
    "mve-core": {
      "signature": "73e9f8f5ad646ee47378a993b9b02a6b",
      "file": true,
      "replaced": "^2.0.0"
    },
    "mve-dom": {
      "signature": "be2ca728d41361aadf974a10504db385",
      "file": true,
      "replaced": "^2.0.0"
    },
    "mve-helper": {
      "signature": "7301b2d7c83e3ae9605e2fb0a7797991",
      "file": true,
      "replaced": "^2.0.0"
    },
    "mve-dom-helper": {
      "signature": "427653b61b56a15da03854ddfc0b6558",
      "file": true,
      "replaced": "^2.0.1"
    },
    "mve-icons": {
      "signature": "818181d6cd073f9873674de9ef3f8539",
      "file": true
    }
  }
}