{
  "version": "v1",
  "packages": {
    "wy-helper": {
      "signature": "9a0ff23c7a9f54afde1502e3e512cbda",
      "file": true,
      "replaced": "^0.1.12"
    },
    "wy-dom-helper": {
      "signature": "369dd4cbe14f71e76b8721e75a6e37fc",
      "file": true,
      "replaced": "^0.1.10"
    },
    "mve-core": {
      "signature": "2a9c482e74afec072c1e16848138bd31",
      "file": true,
      "replaced": "^2.0.0"
    },
    "mve-dom": {
      "signature": "4da4fa36734a861448eb112da7bfa726",
      "file": true,
      "replaced": "^2.0.0"
    },
    "mve-helper": {
      "signature": "a914e9dd67be3759370628e3e607248f",
      "file": true,
      "replaced": "^2.0.0"
    },
    "mve-dom-helper": {
      "signature": "57dda51a30e0eabcf25ed67e18396d72",
      "file": true,
      "replaced": "^2.0.1"
    },
    "daisy-mobile-helper": {
      "signature": "d6969401d1670e72a8be976002ecfd61",
      "file": true
    }
  }
}