# THIS IS AN AUTOGENERATED FILE. DO NOT EDIT THIS FILE DIRECTLY.
# yarn lockfile v1


"@mdx-js/mdx@^2.0.0-ci.53":
  version "2.0.0-ci.53"
  resolved "https://registry.nlark.com/@mdx-js/mdx/download/@mdx-js/mdx-2.0.0-ci.53.tgz"
  integrity sha1-N1h8xP2/8Ks/XSJsj0YiC1my3GI=
  dependencies:
    "@mdx-js/util" "2.0.0-next.1"
    astring "^1.0.0"
    detab "^2.0.0"
    estree-walker "^2.0.0"
    hast-util-to-estree "^1.0.0"
    mdast-util-to-hast "^10.1.0"
    periscopic "^2.0.0"
    rehype-minify-whitespace "^4.0.0"
    remark-mdx "2.0.0-next.9"
    remark-parse "^9.0.0"
    remark-squeeze-paragraphs "^4.0.0"
    unified "^9.0.0"
    unist-builder "^2.0.0"

"@mdx-js/util@2.0.0-next.1":
  version "2.0.0-next.1"
  resolved "https://registry.npm.taobao.org/@mdx-js/util/download/@mdx-js/util-2.0.0-next.1.tgz"
  integrity sha1-sXoEbtXLGxPnWyl0BQTsU6fgsBY=

"@types/estree@*":
  version "0.0.50"
  resolved "https://registry.nlark.com/@types/estree/download/@types/estree-0.0.50.tgz"
  integrity sha1-Hgyqk2TT/M0pMcPtlv2+ql1MyoM=

"@types/marked@^3.0.1":
  version "3.0.1"
  resolved "https://registry.nlark.com/@types/marked/download/@types/marked-3.0.1.tgz"
  integrity sha1-dIZF7N4w2M94YcPhw2DG9pQXL5I=

"@types/mdast@^3.0.0":
  version "3.0.10"
  resolved "https://registry.nlark.com/@types/mdast/download/@types/mdast-3.0.10.tgz"
  integrity sha1-RyQkSoKkWYiEy76bz9c9/5J+6K8=
  dependencies:
    "@types/unist" "*"

"@types/prismjs@^1.16.6":
  version "1.16.6"
  resolved "https://registry.nlark.com/@types/prismjs/download/@types/prismjs-1.16.6.tgz"
  integrity sha1-N3BU9y9nGzbb54xRfOKyedg+zEA=

"@types/unist@*", "@types/unist@^2.0.0", "@types/unist@^2.0.2":
  version "2.0.6"
  resolved "https://registry.nlark.com/@types/unist/download/@types/unist-2.0.6.tgz?cache=0&sync_timestamp=1629709715243&other_urls=https%3A%2F%2Fregistry.nlark.com%2F%40types%2Funist%2Fdownload%2F%40types%2Funist-2.0.6.tgz"
  integrity sha1-JQp7FsO5H2cqJFUuxkZ47rHToI0=

acorn-jsx@^5.0.0:
  version "5.3.2"
  resolved "https://registry.nlark.com/acorn-jsx/download/acorn-jsx-5.3.2.tgz"
  integrity sha1-ftW7VZCLOy8bxVxq8WU7rafweTc=

acorn@^8.0.0:
  version "8.5.0"
  resolved "https://registry.nlark.com/acorn/download/acorn-8.5.0.tgz"
  integrity sha1-RRLMuZs2mMdSWR6btEcuOK1DzuI=

astring@^1.0.0:
  version "1.7.5"
  resolved "https://registry.nlark.com/astring/download/astring-1.7.5.tgz"
  integrity sha1-p9R/zq8ysFLTOj0HxRHv7sZ0R8o=

bail@^1.0.0:
  version "1.0.5"
  resolved "https://registry.nlark.com/bail/download/bail-1.0.5.tgz"
  integrity sha1-tvoTNASjksvB+MS/Y/WVM1Hnp3Y=

character-entities-html4@^1.0.0:
  version "1.1.4"
  resolved "https://registry.npm.taobao.org/character-entities-html4/download/character-entities-html4-1.1.4.tgz"
  integrity sha1-DmSwo3U92/H9wETF/QHQGZoC4SU=

character-entities-legacy@^1.0.0:
  version "1.1.4"
  resolved "https://registry.nlark.com/character-entities-legacy/download/character-entities-legacy-1.1.4.tgz"
  integrity sha1-lLwYRdznClu50uzHSHJWYSk9j8E=

character-entities@^1.0.0:
  version "1.2.4"
  resolved "https://registry.nlark.com/character-entities/download/character-entities-1.2.4.tgz"
  integrity sha1-4Sw5Obfq9OWxXnrUxeKOHUjFsWs=

character-reference-invalid@^1.0.0:
  version "1.1.4"
  resolved "https://registry.nlark.com/character-reference-invalid/download/character-reference-invalid-1.1.4.tgz"
  integrity sha1-CDMpzaDq4nKrPbvzfpo4LBOvFWA=

colorette@^1.2.2:
  version "1.4.0"
  resolved "https://registry.nlark.com/colorette/download/colorette-1.4.0.tgz?cache=0&sync_timestamp=1631034653321&other_urls=https%3A%2F%2Fregistry.nlark.com%2Fcolorette%2Fdownload%2Fcolorette-1.4.0.tgz"
  integrity sha1-UZD7uHJ2JZqGrXAL/yxtb6o/ykA=

comma-separated-tokens@^1.0.0:
  version "1.0.8"
  resolved "https://registry.nlark.com/comma-separated-tokens/download/comma-separated-tokens-1.0.8.tgz"
  integrity sha1-YyuAthF4Z6FY8QgK1Jiy++fj9eo=

copy-anything@^2.0.1:
  version "2.0.3"
  resolved "https://registry.nlark.com/copy-anything/download/copy-anything-2.0.3.tgz"
  integrity sha1-hCQHugJGaw34RIGbvjuuu+XUXYc=
  dependencies:
    is-what "^3.12.0"

debug@^3.2.6:
  version "3.2.7"
  resolved "https://registry.nlark.com/debug/download/debug-3.2.7.tgz?cache=0&sync_timestamp=1625374675284&other_urls=https%3A%2F%2Fregistry.nlark.com%2Fdebug%2Fdownload%2Fdebug-3.2.7.tgz"
  integrity sha1-clgLfpFF+zm2Z2+cXl+xALk0F5o=
  dependencies:
    ms "^2.1.1"

debug@^4.0.0:
  version "4.3.2"
  resolved "https://registry.nlark.com/debug/download/debug-4.3.2.tgz?cache=0&sync_timestamp=1625374675284&other_urls=https%3A%2F%2Fregistry.nlark.com%2Fdebug%2Fdownload%2Fdebug-4.3.2.tgz"
  integrity sha1-8KScGKyHeeMdSgxgKd+3aHPHQos=
  dependencies:
    ms "2.1.2"

detab@^2.0.0:
  version "2.0.4"
  resolved "https://registry.nlark.com/detab/download/detab-2.0.4.tgz"
  integrity sha1-uSeJIGmv9AX7uaGG/pekSpKpS0M=
  dependencies:
    repeat-string "^1.5.4"

errno@^0.1.1:
  version "0.1.8"
  resolved "https://registry.npm.taobao.org/errno/download/errno-0.1.8.tgz"
  integrity sha1-i7Ppx9Rjvkl2/4iPdrSAnrwugR8=
  dependencies:
    prr "~1.0.1"

esbuild@^0.12.17:
  version "0.12.28"
  resolved "https://registry.nlark.com/esbuild/download/esbuild-0.12.28.tgz?cache=0&sync_timestamp=1631587409501&other_urls=https%3A%2F%2Fregistry.nlark.com%2Fesbuild%2Fdownload%2Fesbuild-0.12.28.tgz"
  integrity sha1-hNoNKg0N7hgSgVRSceDWXPb6se8=

estree-util-attach-comments@^1.0.0:
  version "1.0.0"
  resolved "https://registry.npmmirror.com/estree-util-attach-comments/download/estree-util-attach-comments-1.0.0.tgz"
  integrity sha1-UdKA5FjOhd7AuBO9ltLOmOroo/I=

estree-util-is-identifier-name@^1.0.0, estree-util-is-identifier-name@^1.1.0:
  version "1.1.0"
  resolved "https://registry.nlark.com/estree-util-is-identifier-name/download/estree-util-is-identifier-name-1.1.0.tgz"
  integrity sha1-LjSI6gbZ6i+s4RYFiGT2Nws3RW0=

estree-walker@^2.0.0, estree-walker@^2.0.2:
  version "2.0.2"
  resolved "https://registry.npm.taobao.org/estree-walker/download/estree-walker-2.0.2.tgz"
  integrity sha1-UvAQF4wqTBF6d1fP6UKtt9LaTKw=

extend@^3.0.0:
  version "3.0.2"
  resolved "https://registry.nlark.com/extend/download/extend-3.0.2.tgz"
  integrity sha1-+LETa0Bx+9jrFAr/hYsQGewpFfo=

fsevents@~2.3.2:
  version "2.3.2"
  resolved "https://registry.nlark.com/fsevents/download/fsevents-2.3.2.tgz"
  integrity sha1-ilJveLj99GI7cJ4Ll1xSwkwC/Ro=

function-bind@^1.1.1:
  version "1.1.1"
  resolved "https://registry.nlark.com/function-bind/download/function-bind-1.1.1.tgz"
  integrity sha1-pWiZ0+o8m6uHS7l3O3xe3pL0iV0=

graceful-fs@^4.1.2:
  version "4.2.8"
  resolved "https://registry.nlark.com/graceful-fs/download/graceful-fs-4.2.8.tgz?cache=0&sync_timestamp=1628194007768&other_urls=https%3A%2F%2Fregistry.nlark.com%2Fgraceful-fs%2Fdownload%2Fgraceful-fs-4.2.8.tgz"
  integrity sha1-5BK40z9eAGWTy9PO5t+fLOu+gCo=

has@^1.0.3:
  version "1.0.3"
  resolved "https://registry.nlark.com/has/download/has-1.0.3.tgz"
  integrity sha1-ci18v8H2qoJB8W3YFOAR4fQeh5Y=
  dependencies:
    function-bind "^1.1.1"

hast-util-embedded@^1.0.0:
  version "1.0.6"
  resolved "https://registry.nlark.com/hast-util-embedded/download/hast-util-embedded-1.0.6.tgz"
  integrity sha1-6nAHMjNRzEPhnh1iVrfN5mrRqgM=
  dependencies:
    hast-util-is-element "^1.1.0"

hast-util-is-element@^1.0.0, hast-util-is-element@^1.1.0:
  version "1.1.0"
  resolved "https://registry.nlark.com/hast-util-is-element/download/hast-util-is-element-1.1.0.tgz?cache=0&sync_timestamp=1627123800460&other_urls=https%3A%2F%2Fregistry.nlark.com%2Fhast-util-is-element%2Fdownload%2Fhast-util-is-element-1.1.0.tgz"
  integrity sha1-Oz7VFZonB8YTe0hjf7/gaOF1pCU=

hast-util-to-estree@^1.0.0:
  version "1.4.0"
  resolved "https://registry.npmmirror.com/hast-util-to-estree/download/hast-util-to-estree-1.4.0.tgz"
  integrity sha1-iW75FQo/XPuv83M0918x1qMkurY=
  dependencies:
    comma-separated-tokens "^1.0.0"
    estree-util-attach-comments "^1.0.0"
    estree-util-is-identifier-name "^1.1.0"
    hast-util-whitespace "^1.0.0"
    property-information "^5.0.0"
    space-separated-tokens "^1.0.0"
    style-to-object "^0.3.0"
    unist-util-position "^3.1.0"
    zwitch "^1.0.0"

hast-util-whitespace@^1.0.0, hast-util-whitespace@^1.0.4:
  version "1.0.4"
  resolved "https://registry.nlark.com/hast-util-whitespace/download/hast-util-whitespace-1.0.4.tgz?cache=0&sync_timestamp=1619451519620&other_urls=https%3A%2F%2Fregistry.nlark.com%2Fhast-util-whitespace%2Fdownload%2Fhast-util-whitespace-1.0.4.tgz"
  integrity sha1-5P53xKmuHLLmwl4C3wBD0BZPbkE=

iconv-lite@^0.4.4:
  version "0.4.24"
  resolved "https://registry.nlark.com/iconv-lite/download/iconv-lite-0.4.24.tgz"
  integrity sha1-ICK0sl+93CHS9SSXSkdKr+czkIs=
  dependencies:
    safer-buffer ">= 2.1.2 < 3"

image-size@~0.5.0:
  version "0.5.5"
  resolved "https://registry.nlark.com/image-size/download/image-size-0.5.5.tgz"
  integrity sha1-Cd/Uq50g4p6xw+gLiZA3jfnjy5w=

inline-style-parser@0.1.1:
  version "0.1.1"
  resolved "https://registry.npm.taobao.org/inline-style-parser/download/inline-style-parser-0.1.1.tgz"
  integrity sha1-7Io7QpJ06cCh8cT/qUU6f+9yzqE=

is-alphabetical@^1.0.0:
  version "1.0.4"
  resolved "https://registry.nlark.com/is-alphabetical/download/is-alphabetical-1.0.4.tgz"
  integrity sha1-nn1rlJFr4iFTdF0YTCmMv5hqaG0=

is-alphanumerical@^1.0.0:
  version "1.0.4"
  resolved "https://registry.nlark.com/is-alphanumerical/download/is-alphanumerical-1.0.4.tgz"
  integrity sha1-frmiQx+FX2se8aeOMm31FWlsTb8=
  dependencies:
    is-alphabetical "^1.0.0"
    is-decimal "^1.0.0"

is-buffer@^2.0.0:
  version "2.0.5"
  resolved "https://registry.npm.taobao.org/is-buffer/download/is-buffer-2.0.5.tgz?cache=0&sync_timestamp=1604432378894&other_urls=https%3A%2F%2Fregistry.npm.taobao.org%2Fis-buffer%2Fdownload%2Fis-buffer-2.0.5.tgz"
  integrity sha1-68JS5ADSL/jXf6CYiIIaJKZYwZE=

is-core-module@^2.2.0:
  version "2.6.0"
  resolved "https://registry.nlark.com/is-core-module/download/is-core-module-2.6.0.tgz?cache=0&sync_timestamp=1629225103688&other_urls=https%3A%2F%2Fregistry.nlark.com%2Fis-core-module%2Fdownload%2Fis-core-module-2.6.0.tgz"
  integrity sha1-11U7JSb+Wbkro+QMjfdX7Ipwnhk=
  dependencies:
    has "^1.0.3"

is-decimal@^1.0.0:
  version "1.0.4"
  resolved "https://registry.nlark.com/is-decimal/download/is-decimal-1.0.4.tgz"
  integrity sha1-ZaOllYocW2OnBuGzM9fNn2MNP6U=

is-hexadecimal@^1.0.0:
  version "1.0.4"
  resolved "https://registry.nlark.com/is-hexadecimal/download/is-hexadecimal-1.0.4.tgz"
  integrity sha1-zDXJdYjaS9Saju3WvECC1E3LI6c=

is-plain-obj@^2.0.0:
  version "2.1.0"
  resolved "https://registry.npm.taobao.org/is-plain-obj/download/is-plain-obj-2.1.0.tgz"
  integrity sha1-ReQuN/zPH0Dajl927iFRWEDAkoc=

is-reference@^1.1.4:
  version "1.2.1"
  resolved "https://registry.nlark.com/is-reference/download/is-reference-1.2.1.tgz"
  integrity sha1-iy2sCzcfS8mU/eq6nrVC0DAC0Lc=
  dependencies:
    "@types/estree" "*"

is-what@^3.12.0:
  version "3.14.1"
  resolved "https://registry.nlark.com/is-what/download/is-what-3.14.1.tgz"
  integrity sha1-4SIvRt3ahd6tD9HJ3xMXYOd3VcE=

less@^4.1.1:
  version "4.1.1"
  resolved "https://registry.nlark.com/less/download/less-4.1.1.tgz"
  integrity sha1-Fb8lOpk5eR3GkIiMP/Qk8+bH7bo=
  dependencies:
    copy-anything "^2.0.1"
    parse-node-version "^1.0.1"
    tslib "^1.10.0"
  optionalDependencies:
    errno "^0.1.1"
    graceful-fs "^4.1.2"
    image-size "~0.5.0"
    make-dir "^2.1.0"
    mime "^1.4.1"
    needle "^2.5.2"
    source-map "~0.6.0"

longest-streak@^2.0.0:
  version "2.0.4"
  resolved "https://registry.nlark.com/longest-streak/download/longest-streak-2.0.4.tgz"
  integrity sha1-uFmZV9pbXatk3uP+MW+ndFl9kOQ=

make-dir@^2.1.0:
  version "2.1.0"
  resolved "https://registry.npm.taobao.org/make-dir/download/make-dir-2.1.0.tgz"
  integrity sha1-XwMQ4YuL6JjMBwCSlaMK5B6R5vU=
  dependencies:
    pify "^4.0.1"
    semver "^5.6.0"

marked@^3.0.6:
  version "3.0.6"
  resolved "https://registry.npmmirror.com/marked/download/marked-3.0.6.tgz"
  integrity sha1-0mj3IpcX/1X4H/dZxRnSPJDe9A4=

mdast-squeeze-paragraphs@^4.0.0:
  version "4.0.0"
  resolved "https://registry.nlark.com/mdast-squeeze-paragraphs/download/mdast-squeeze-paragraphs-4.0.0.tgz"
  integrity sha1-fEwRRnnDvuJ+8QtY4uAVvnnx75c=
  dependencies:
    unist-util-remove "^2.0.0"

mdast-util-definitions@^4.0.0:
  version "4.0.0"
  resolved "https://registry.nlark.com/mdast-util-definitions/download/mdast-util-definitions-4.0.0.tgz"
  integrity sha1-xcGoTbeZFztNz3ZDzamZ5EDCTbI=
  dependencies:
    unist-util-visit "^2.0.0"

mdast-util-from-markdown@^0.8.0:
  version "0.8.5"
  resolved "https://registry.npmmirror.com/mdast-util-from-markdown/download/mdast-util-from-markdown-0.8.5.tgz"
  integrity sha1-0e8spCvDd+ywRjqYeRDa6JvZoow=
  dependencies:
    "@types/mdast" "^3.0.0"
    mdast-util-to-string "^2.0.0"
    micromark "~2.11.0"
    parse-entities "^2.0.0"
    unist-util-stringify-position "^2.0.0"

mdast-util-mdx-expression@~0.1.0:
  version "0.1.1"
  resolved "https://registry.npmmirror.com/mdast-util-mdx-expression/download/mdast-util-mdx-expression-0.1.1.tgz"
  integrity sha1-+hoEpepnd7Do22wSCt8DCIWV35U=
  dependencies:
    strip-indent "^3.0.0"

mdast-util-mdx-jsx@~0.1.0:
  version "0.1.4"
  resolved "https://registry.npmmirror.com/mdast-util-mdx-jsx/download/mdast-util-mdx-jsx-0.1.4.tgz"
  integrity sha1-hoNxuQsXM3tPByoHAh984ZYSzzQ=
  dependencies:
    mdast-util-to-markdown "^0.6.0"
    parse-entities "^2.0.0"
    stringify-entities "^3.1.0"
    unist-util-remove-position "^3.0.0"
    unist-util-stringify-position "^2.0.0"
    vfile-message "^2.0.0"

mdast-util-mdx@^0.1.1:
  version "0.1.1"
  resolved "https://registry.nlark.com/mdast-util-mdx/download/mdast-util-mdx-0.1.1.tgz"
  integrity sha1-Fqy8bKvjP0zr62P6nPi+XaHVb78=
  dependencies:
    mdast-util-mdx-expression "~0.1.0"
    mdast-util-mdx-jsx "~0.1.0"
    mdast-util-mdxjs-esm "~0.1.0"
    mdast-util-to-markdown "^0.6.1"

mdast-util-mdxjs-esm@~0.1.0:
  version "0.1.1"
  resolved "https://registry.nlark.com/mdast-util-mdxjs-esm/download/mdast-util-mdxjs-esm-0.1.1.tgz"
  integrity sha1-aRNKDa1xpZqeDpz9wGM93jHf9po=

mdast-util-to-hast@^10.1.0:
  version "10.2.0"
  resolved "https://registry.npmmirror.com/mdast-util-to-hast/download/mdast-util-to-hast-10.2.0.tgz?cache=0&sync_timestamp=1633275885956&other_urls=https%3A%2F%2Fregistry.npmmirror.com%2Fmdast-util-to-hast%2Fdownload%2Fmdast-util-to-hast-10.2.0.tgz"
  integrity sha1-YYdVJqAX2IV7cavJMzlCcAstNgQ=
  dependencies:
    "@types/mdast" "^3.0.0"
    "@types/unist" "^2.0.0"
    mdast-util-definitions "^4.0.0"
    mdurl "^1.0.0"
    unist-builder "^2.0.0"
    unist-util-generated "^1.0.0"
    unist-util-position "^3.0.0"
    unist-util-visit "^2.0.0"

mdast-util-to-markdown@^0.6.0, mdast-util-to-markdown@^0.6.1:
  version "0.6.5"
  resolved "https://registry.nlark.com/mdast-util-to-markdown/download/mdast-util-to-markdown-0.6.5.tgz?cache=0&sync_timestamp=1632055807638&other_urls=https%3A%2F%2Fregistry.nlark.com%2Fmdast-util-to-markdown%2Fdownload%2Fmdast-util-to-markdown-0.6.5.tgz"
  integrity sha1-sz9nyoINaebMUnqT1AOSSbUEvr4=
  dependencies:
    "@types/unist" "^2.0.0"
    longest-streak "^2.0.0"
    mdast-util-to-string "^2.0.0"
    parse-entities "^2.0.0"
    repeat-string "^1.0.0"
    zwitch "^1.0.0"

mdast-util-to-string@^2.0.0:
  version "2.0.0"
  resolved "https://registry.nlark.com/mdast-util-to-string/download/mdast-util-to-string-2.0.0.tgz"
  integrity sha1-uM/mpxPhCRy1tyj8SIhaR2f4uXs=

mdurl@^1.0.0:
  version "1.0.1"
  resolved "https://registry.npm.taobao.org/mdurl/download/mdurl-1.0.1.tgz"
  integrity sha1-/oWy7HWlkDfyrf7BAP1sYBdhFS4=

micromark-extension-mdx-expression@^0.3.0, micromark-extension-mdx-expression@^0.3.2, micromark-extension-mdx-expression@~0.3.0:
  version "0.3.2"
  resolved "https://registry.npmmirror.com/micromark-extension-mdx-expression/download/micromark-extension-mdx-expression-0.3.2.tgz"
  integrity sha1-gnWSr1ARYRDcnuJyAac8A35hqic=
  dependencies:
    micromark "~2.11.0"
    vfile-message "^2.0.0"

micromark-extension-mdx-jsx@~0.3.0:
  version "0.3.3"
  resolved "https://registry.npmmirror.com/micromark-extension-mdx-jsx/download/micromark-extension-mdx-jsx-0.3.3.tgz"
  integrity sha1-aOjnAPKGDjLpb/SORK+3Rl1GLiE=
  dependencies:
    estree-util-is-identifier-name "^1.0.0"
    micromark "~2.11.0"
    micromark-extension-mdx-expression "^0.3.2"
    vfile-message "^2.0.0"

micromark-extension-mdx-md@~0.1.0:
  version "0.1.1"
  resolved "https://registry.nlark.com/micromark-extension-mdx-md/download/micromark-extension-mdx-md-0.1.1.tgz"
  integrity sha1-J3tOgq2je/3yIvbDUw4gVj1z4GQ=

micromark-extension-mdx@^0.2.0:
  version "0.2.1"
  resolved "https://registry.nlark.com/micromark-extension-mdx/download/micromark-extension-mdx-0.2.1.tgz"
  integrity sha1-B0uFATkJSB0j84Lxfc7XtM0XPAo=
  dependencies:
    micromark "~2.11.0"
    micromark-extension-mdx-expression "~0.3.0"
    micromark-extension-mdx-jsx "~0.3.0"
    micromark-extension-mdx-md "~0.1.0"

micromark-extension-mdxjs-esm@~0.3.0:
  version "0.3.1"
  resolved "https://registry.npmmirror.com/micromark-extension-mdxjs-esm/download/micromark-extension-mdxjs-esm-0.3.1.tgz"
  integrity sha1-QKcQ/hRbOB45opMNsoE/PvqgFKw=
  dependencies:
    micromark "~2.11.0"
    micromark-extension-mdx-expression "^0.3.0"
    vfile-message "^2.0.0"

micromark-extension-mdxjs@^0.3.0:
  version "0.3.0"
  resolved "https://registry.nlark.com/micromark-extension-mdxjs/download/micromark-extension-mdxjs-0.3.0.tgz"
  integrity sha1-NezrrxS4N3tgRrZZeA/TERGW7M0=
  dependencies:
    acorn "^8.0.0"
    acorn-jsx "^5.0.0"
    micromark "~2.11.0"
    micromark-extension-mdx-expression "~0.3.0"
    micromark-extension-mdx-jsx "~0.3.0"
    micromark-extension-mdx-md "~0.1.0"
    micromark-extension-mdxjs-esm "~0.3.0"

micromark@~2.11.0:
  version "2.11.4"
  resolved "https://registry.npmmirror.com/micromark/download/micromark-2.11.4.tgz?cache=0&sync_timestamp=1633765567445&other_urls=https%3A%2F%2Fregistry.npmmirror.com%2Fmicromark%2Fdownload%2Fmicromark-2.11.4.tgz"
  integrity sha1-0TQ2E47qgmOD6CJEnJpcUO5EZlo=
  dependencies:
    debug "^4.0.0"
    parse-entities "^2.0.0"

mime@^1.4.1:
  version "1.6.0"
  resolved "https://registry.nlark.com/mime/download/mime-1.6.0.tgz"
  integrity sha1-Ms2eXGRVO9WNGaVor0Uqz/BJgbE=

min-indent@^1.0.0:
  version "1.0.1"
  resolved "https://registry.nlark.com/min-indent/download/min-indent-1.0.1.tgz"
  integrity sha1-pj9oFnOzBXH76LwlaGrnRu76mGk=

ms@2.1.2:
  version "2.1.2"
  resolved "https://registry.npmmirror.com/ms/download/ms-2.1.2.tgz"
  integrity sha1-0J0fNXtEP0kzgqjrPM0YOHKuYAk=

ms@^2.1.1:
  version "2.1.3"
  resolved "https://registry.nlark.com/ms/download/ms-2.1.3.tgz"
  integrity sha1-V0yBOM4dK1hh8LRFedut1gxmFbI=

mve-core@^1.2.1:
  version "1.2.1"
  resolved "https://registry.yarnpkg.com/mve-core/-/mve-core-1.2.1.tgz#ab34587d811d1686cb066731eabdb1e36a05e463"
  integrity sha512-ClSHHE5x8CsajUrSY93U7xgWhMIFinxGCOxe27nTJu4Bif3EbC+WqfA3oC+uJWeYe5T+Sp6hk6sfFRzckoXN7Q==

mve-dom@^1.2.2:
  version "1.2.2"
  resolved "https://registry.yarnpkg.com/mve-dom/-/mve-dom-1.2.2.tgz#eacb9e9c24bec331c6c6158c6797c980eac2fb62"
  integrity sha512-iBIlTb2Up7x5aMTjnJpZRzgSdx4zmdaP3xhIs0MLpB4crNXR07h9JdFJdrEj73xtkP30fVtdWrg3sZnteiFhow==
  dependencies:
    mve-core "^1.2.1"

nanoid@^3.1.23:
  version "3.1.25"
  resolved "https://registry.nlark.com/nanoid/download/nanoid-3.1.25.tgz"
  integrity sha1-CcoydHwOVD8OGBS303k0d/nI4VI=

needle@^2.5.2:
  version "2.9.1"
  resolved "https://registry.nlark.com/needle/download/needle-2.9.1.tgz?cache=0&sync_timestamp=1630674795023&other_urls=https%3A%2F%2Fregistry.nlark.com%2Fneedle%2Fdownload%2Fneedle-2.9.1.tgz"
  integrity sha1-ItHf++NJDCuD4wH3cJtnNs2PJoQ=
  dependencies:
    debug "^3.2.6"
    iconv-lite "^0.4.4"
    sax "^1.2.4"

parse-entities@^2.0.0:
  version "2.0.0"
  resolved "https://registry.nlark.com/parse-entities/download/parse-entities-2.0.0.tgz"
  integrity sha1-U8brW5MUofTsmfoP33zgHs2gy+g=
  dependencies:
    character-entities "^1.0.0"
    character-entities-legacy "^1.0.0"
    character-reference-invalid "^1.0.0"
    is-alphanumerical "^1.0.0"
    is-decimal "^1.0.0"
    is-hexadecimal "^1.0.0"

parse-node-version@^1.0.1:
  version "1.0.1"
  resolved "https://registry.nlark.com/parse-node-version/download/parse-node-version-1.0.1.tgz"
  integrity sha1-4rXb7eAOf6m8NjYH9TMn6LBzGJs=

path-parse@^1.0.6:
  version "1.0.7"
  resolved "https://registry.nlark.com/path-parse/download/path-parse-1.0.7.tgz"
  integrity sha1-+8EUtgykKzDZ2vWFjkvWi77bZzU=

periscopic@^2.0.0:
  version "2.0.3"
  resolved "https://registry.nlark.com/periscopic/download/periscopic-2.0.3.tgz"
  integrity sha1-Mm4WxGBoFyypqdIK8aaEzQeW+pk=
  dependencies:
    estree-walker "^2.0.2"
    is-reference "^1.1.4"

pify@^4.0.1:
  version "4.0.1"
  resolved "https://registry.nlark.com/pify/download/pify-4.0.1.tgz"
  integrity sha1-SyzSXFDVmHNcUCkiJP2MbfQeMjE=

postcss@^8.3.6:
  version "8.3.6"
  resolved "https://registry.nlark.com/postcss/download/postcss-8.3.6.tgz?cache=0&sync_timestamp=1626882960231&other_urls=https%3A%2F%2Fregistry.nlark.com%2Fpostcss%2Fdownload%2Fpostcss-8.3.6.tgz"
  integrity sha1-JzDddql5afN/U7mmCWGXvjEcxOo=
  dependencies:
    colorette "^1.2.2"
    nanoid "^3.1.23"
    source-map-js "^0.6.2"

property-information@^5.0.0:
  version "5.6.0"
  resolved "https://registry.nlark.com/property-information/download/property-information-5.6.0.tgz"
  integrity sha1-YWdVRfsjAC8kXGVA7EYHfU2j7Wk=
  dependencies:
    xtend "^4.0.0"

prr@~1.0.1:
  version "1.0.1"
  resolved "https://registry.npm.taobao.org/prr/download/prr-1.0.1.tgz"
  integrity sha1-0/wRS6BplaRexok/SEzrHXj19HY=

rehype-minify-whitespace@^4.0.0:
  version "4.0.5"
  resolved "https://registry.nlark.com/rehype-minify-whitespace/download/rehype-minify-whitespace-4.0.5.tgz"
  integrity sha1-W0eBeGEWIW9tXXzq34TiSJ3Xs80=
  dependencies:
    hast-util-embedded "^1.0.0"
    hast-util-is-element "^1.0.0"
    hast-util-whitespace "^1.0.4"
    unist-util-is "^4.0.0"

remark-mdx@2.0.0-next.9:
  version "2.0.0-next.9"
  resolved "https://registry.nlark.com/remark-mdx/download/remark-mdx-2.0.0-next.9.tgz"
  integrity sha1-PiCIVQ3dQmTOSLyhX7KXVp02nmU=
  dependencies:
    mdast-util-mdx "^0.1.1"
    micromark-extension-mdx "^0.2.0"
    micromark-extension-mdxjs "^0.3.0"

remark-parse@^9.0.0:
  version "9.0.0"
  resolved "https://registry.nlark.com/remark-parse/download/remark-parse-9.0.0.tgz?cache=0&sync_timestamp=1627989764434&other_urls=https%3A%2F%2Fregistry.nlark.com%2Fremark-parse%2Fdownload%2Fremark-parse-9.0.0.tgz"
  integrity sha1-TSCimWZYgOT0r12Qt8e4qTWFNkA=
  dependencies:
    mdast-util-from-markdown "^0.8.0"

remark-squeeze-paragraphs@^4.0.0:
  version "4.0.0"
  resolved "https://registry.nlark.com/remark-squeeze-paragraphs/download/remark-squeeze-paragraphs-4.0.0.tgz?cache=0&sync_timestamp=1627997206551&other_urls=https%3A%2F%2Fregistry.nlark.com%2Fremark-squeeze-paragraphs%2Fdownload%2Fremark-squeeze-paragraphs-4.0.0.tgz"
  integrity sha1-dusOCFKVExyEdIyOQ4EBWcVlPq0=
  dependencies:
    mdast-squeeze-paragraphs "^4.0.0"

repeat-string@^1.0.0, repeat-string@^1.5.4:
  version "1.6.1"
  resolved "https://registry.npm.taobao.org/repeat-string/download/repeat-string-1.6.1.tgz"
  integrity sha1-jcrkcOHIirwtYA//Sndihtp15jc=

resolve@^1.20.0:
  version "1.20.0"
  resolved "https://registry.nlark.com/resolve/download/resolve-1.20.0.tgz"
  integrity sha1-YpoBP7P3B1XW8LeTXMHCxTeLGXU=
  dependencies:
    is-core-module "^2.2.0"
    path-parse "^1.0.6"

rollup@^2.38.5:
  version "2.56.3"
  resolved "https://registry.nlark.com/rollup/download/rollup-2.56.3.tgz"
  integrity sha1-tj7a3ZhRsNYYptDmr4IBlVp3rv8=
  optionalDependencies:
    fsevents "~2.3.2"

"safer-buffer@>= 2.1.2 < 3":
  version "2.1.2"
  resolved "https://registry.nlark.com/safer-buffer/download/safer-buffer-2.1.2.tgz"
  integrity sha1-RPoWGwGHuVSd2Eu5GAL5vYOFzWo=

sax@^1.2.4:
  version "1.2.4"
  resolved "https://registry.nlark.com/sax/download/sax-1.2.4.tgz"
  integrity sha1-KBYjTiN4vdxOU1T6tcqold9xANk=

semver@^5.6.0:
  version "5.7.1"
  resolved "https://registry.npm.taobao.org/semver/download/semver-5.7.1.tgz?cache=0&sync_timestamp=1616463641178&other_urls=https%3A%2F%2Fregistry.npm.taobao.org%2Fsemver%2Fdownload%2Fsemver-5.7.1.tgz"
  integrity sha1-qVT5Ma66UI0we78Gnv8MAclhFvc=

source-map-js@^0.6.2:
  version "0.6.2"
  resolved "https://registry.npm.taobao.org/source-map-js/download/source-map-js-0.6.2.tgz"
  integrity sha1-C7XeYxtBz72mz7qL0FqA79/SOF4=

source-map@~0.6.0:
  version "0.6.1"
  resolved "https://registry.nlark.com/source-map/download/source-map-0.6.1.tgz?cache=0&other_urls=https%3A%2F%2Fregistry.nlark.com%2Fsource-map%2Fdownload%2Fsource-map-0.6.1.tgz"
  integrity sha1-dHIq8y6WFOnCh6jQu95IteLxomM=

space-separated-tokens@^1.0.0:
  version "1.1.5"
  resolved "https://registry.nlark.com/space-separated-tokens/download/space-separated-tokens-1.1.5.tgz"
  integrity sha1-hfMsPRDZaCAH6RdBTdxcJtGqaJk=

stringify-entities@^3.1.0:
  version "3.1.0"
  resolved "https://registry.nlark.com/stringify-entities/download/stringify-entities-3.1.0.tgz?cache=0&sync_timestamp=1619881788104&other_urls=https%3A%2F%2Fregistry.nlark.com%2Fstringify-entities%2Fdownload%2Fstringify-entities-3.1.0.tgz"
  integrity sha1-uNP+rCVtn/zJ+h/v3PPKcFdu6QM=
  dependencies:
    character-entities-html4 "^1.0.0"
    character-entities-legacy "^1.0.0"
    xtend "^4.0.0"

strip-indent@^3.0.0:
  version "3.0.0"
  resolved "https://registry.nlark.com/strip-indent/download/strip-indent-3.0.0.tgz?cache=0&sync_timestamp=1620053310624&other_urls=https%3A%2F%2Fregistry.nlark.com%2Fstrip-indent%2Fdownload%2Fstrip-indent-3.0.0.tgz"
  integrity sha1-wy4c7pQLazQyx3G8LFS8znPNMAE=
  dependencies:
    min-indent "^1.0.0"

style-to-object@^0.3.0:
  version "0.3.0"
  resolved "https://registry.npm.taobao.org/style-to-object/download/style-to-object-0.3.0.tgz"
  integrity sha1-sbeQ0gWZHMeDgBlnIUl57hmnbkY=
  dependencies:
    inline-style-parser "0.1.1"

trough@^1.0.0:
  version "1.0.5"
  resolved "https://registry.nlark.com/trough/download/trough-1.0.5.tgz"
  integrity sha1-uLY5zvrX0LsqvTfUM/+Ck++l9AY=

tslib@^1.10.0:
  version "1.14.1"
  resolved "https://registry.nlark.com/tslib/download/tslib-1.14.1.tgz"
  integrity sha1-zy04vcNKE0vK8QkcQfZhni9nLQA=

typescript@^4.3.2:
  version "4.4.3"
  resolved "https://registry.nlark.com/typescript/download/typescript-4.4.3.tgz"
  integrity sha1-vcVAfKorEJ79T4L+EwZW+XeikyQ=

unified@^9.0.0:
  version "9.2.2"
  resolved "https://registry.nlark.com/unified/download/unified-9.2.2.tgz?cache=0&sync_timestamp=1627639561063&other_urls=https%3A%2F%2Fregistry.nlark.com%2Funified%2Fdownload%2Funified-9.2.2.tgz"
  integrity sha1-Z2SaGr/Dq4XSlpUCkCd16wMUaXU=
  dependencies:
    bail "^1.0.0"
    extend "^3.0.0"
    is-buffer "^2.0.0"
    is-plain-obj "^2.0.0"
    trough "^1.0.0"
    vfile "^4.0.0"

unist-builder@^2.0.0:
  version "2.0.3"
  resolved "https://registry.nlark.com/unist-builder/download/unist-builder-2.0.3.tgz"
  integrity sha1-d2SHEbXYavCULzNDl6M8XpFRZDY=

unist-util-generated@^1.0.0:
  version "1.1.6"
  resolved "https://registry.npm.taobao.org/unist-util-generated/download/unist-util-generated-1.1.6.tgz"
  integrity sha1-WrUfaJ4pkqRyvrGzXyzn/y8yTUs=

unist-util-is@^4.0.0:
  version "4.1.0"
  resolved "https://registry.nlark.com/unist-util-is/download/unist-util-is-4.1.0.tgz?cache=0&sync_timestamp=1626875281214&other_urls=https%3A%2F%2Fregistry.nlark.com%2Funist-util-is%2Fdownload%2Funist-util-is-4.1.0.tgz"
  integrity sha1-l25fRip6Xec9lLcGusG5BnG1d5c=

unist-util-position@^3.0.0, unist-util-position@^3.1.0:
  version "3.1.0"
  resolved "https://registry.nlark.com/unist-util-position/download/unist-util-position-3.1.0.tgz?cache=0&sync_timestamp=1620915237724&other_urls=https%3A%2F%2Fregistry.nlark.com%2Funist-util-position%2Fdownload%2Funist-util-position-3.1.0.tgz"
  integrity sha1-HELuYwH41S9H0U9iu9t5ZXH6LUc=

unist-util-remove-position@^3.0.0:
  version "3.0.0"
  resolved "https://registry.nlark.com/unist-util-remove-position/download/unist-util-remove-position-3.0.0.tgz?cache=0&sync_timestamp=1627848251490&other_urls=https%3A%2F%2Fregistry.nlark.com%2Funist-util-remove-position%2Fdownload%2Funist-util-remove-position-3.0.0.tgz"
  integrity sha1-TNGegsjmZfRitqz8/QqDUyNaiOk=
  dependencies:
    unist-util-visit "^2.0.0"

unist-util-remove@^2.0.0:
  version "2.1.0"
  resolved "https://registry.nlark.com/unist-util-remove/download/unist-util-remove-2.1.0.tgz?cache=0&sync_timestamp=1627635399225&other_urls=https%3A%2F%2Fregistry.nlark.com%2Funist-util-remove%2Fdownload%2Funist-util-remove-2.1.0.tgz"
  integrity sha1-sLRziqfuRFxAL9qTKNYEoC0BBYg=
  dependencies:
    unist-util-is "^4.0.0"

unist-util-stringify-position@^2.0.0:
  version "2.0.3"
  resolved "https://registry.nlark.com/unist-util-stringify-position/download/unist-util-stringify-position-2.0.3.tgz?cache=0&sync_timestamp=1624607967709&other_urls=https%3A%2F%2Fregistry.nlark.com%2Funist-util-stringify-position%2Fdownload%2Funist-util-stringify-position-2.0.3.tgz"
  integrity sha1-zOO/oc34W6c3XR1bF73Eytqb2do=
  dependencies:
    "@types/unist" "^2.0.2"

unist-util-visit-parents@^3.0.0:
  version "3.1.1"
  resolved "https://registry.nlark.com/unist-util-visit-parents/download/unist-util-visit-parents-3.1.1.tgz?cache=0&sync_timestamp=1632209171771&other_urls=https%3A%2F%2Fregistry.nlark.com%2Funist-util-visit-parents%2Fdownload%2Funist-util-visit-parents-3.1.1.tgz"
  integrity sha1-ZabOaY94prD1aqDojxOAGIbNrvY=
  dependencies:
    "@types/unist" "^2.0.0"
    unist-util-is "^4.0.0"

unist-util-visit@^2.0.0:
  version "2.0.3"
  resolved "https://registry.npmmirror.com/unist-util-visit/download/unist-util-visit-2.0.3.tgz?cache=0&sync_timestamp=1632405961713&other_urls=https%3A%2F%2Fregistry.npmmirror.com%2Funist-util-visit%2Fdownload%2Funist-util-visit-2.0.3.tgz"
  integrity sha1-w3A4kxRt9HIDu4qXla9H17lxIIw=
  dependencies:
    "@types/unist" "^2.0.0"
    unist-util-is "^4.0.0"
    unist-util-visit-parents "^3.0.0"

vfile-message@^2.0.0:
  version "2.0.4"
  resolved "https://registry.nlark.com/vfile-message/download/vfile-message-2.0.4.tgz"
  integrity sha1-W0O4gXHUCerlhHfRPyPdQdUsNxo=
  dependencies:
    "@types/unist" "^2.0.0"
    unist-util-stringify-position "^2.0.0"

vfile@^4.0.0:
  version "4.2.1"
  resolved "https://registry.nlark.com/vfile/download/vfile-4.2.1.tgz"
  integrity sha1-A/Hc4o/GJcYlvGUUNQ+9sA+p5iQ=
  dependencies:
    "@types/unist" "^2.0.0"
    is-buffer "^2.0.0"
    unist-util-stringify-position "^2.0.0"
    vfile-message "^2.0.0"

vite@^2.5.10:
  version "2.5.10"
  resolved "https://registry.nlark.com/vite/download/vite-2.5.10.tgz"
  integrity sha1-xZjjtafhlW/8Uus7NCDRd/wu0qU=
  dependencies:
    esbuild "^0.12.17"
    postcss "^8.3.6"
    resolve "^1.20.0"
    rollup "^2.38.5"
  optionalDependencies:
    fsevents "~2.3.2"

xtend@^4.0.0:
  version "4.0.2"
  resolved "https://registry.nlark.com/xtend/download/xtend-4.0.2.tgz"
  integrity sha1-u3J3n1+kZRhrH0OPZ0+jR/2121Q=

zwitch@^1.0.0:
  version "1.0.5"
  resolved "https://registry.nlark.com/zwitch/download/zwitch-1.0.5.tgz"
  integrity sha1-0R1zgf/tFrdC9q97PyI9XNn+mSA=
